
Microsoft Visual Studio Solution File, Format Version 12.00
# Visual Studio Version 16
VisualStudioVersion = 16.0.31112.23
MinimumVisualStudioVersion = 10.0.40219.1
Project("{FAE04EC0-301F-11D3-BF4B-00C04F79EFBC}") = "EntryPoint", "EntryPoint\EntryPoint.csproj", "{AE728E0E-2299-4042-87D9-26F69BFE6CF0}"
EndProject
Project("{2150E333-8FDC-42A3-9474-1A3956D46DE8}") = "2017", "2017", "{55193E47-EDDD-4F29-99E4-04CAFE7A92AA}"
EndProject
Project("{2150E333-8FDC-42A3-9474-1A3956D46DE8}") = "2018", "2018", "{2A07EC31-114E-4FA6-817E-8FBAD8D84868}"
EndProject
Project("{2150E333-8FDC-42A3-9474-1A3956D46DE8}") = "2019", "2019", "{1C5E4DB6-FEA7-4624-A261-F436DB0FB7C1}"
EndProject
Project("{FAE04EC0-301F-11D3-BF4B-00C04F79EFBC}") = "BitFlipping", "2017\BitFlipping\BitFlipping.csproj", "{CFC3386F-BBEB-43EF-999C-9DE1B9DDA7B9}"
EndProject
Project("{FAE04EC0-301F-11D3-BF4B-00C04F79EFBC}") = "CakeSplitting", "2017\CakeSplitting\CakeSplitting.csproj", "{FBC88556-49B9-4856-BC0C-517E9CEFC0D6}"
EndProject
Project("{FAE04EC0-301F-11D3-BF4B-00C04F79EFBC}") = "CoreTraining", "2017\CoreTraining\CoreTraining.csproj", "{A016BBD8-677E-4DB0-856D-16F45C2A4C2A}"
EndProject
Project("{FAE04EC0-301F-11D3-BF4B-00C04F79EFBC}") = "CruiseControl", "2017\CruiseControl\CruiseControl.csproj", "{9BB5EC06-DA7C-4AF3-8316-09DD54356943}"
EndProject
Project("{FAE04EC0-301F-11D3-BF4B-00C04F79EFBC}") = "PancakeStack", "2017\PancakeStack\PancakeStack.csproj", "{546E106C-18EA-485D-8E48-83670290B4EB}"
EndProject
Project("{FAE04EC0-301F-11D3-BF4B-00C04F79EFBC}") = "PonyExpress", "2017\PonyExpress\PonyExpress.csproj", "{897F2FC4-8AEF-4566-88AB-1D5943BFE478}"
EndProject
Project("{FAE04EC0-301F-11D3-BF4B-00C04F79EFBC}") = "RainbowUnicorns", "2017\RainbowUnicorns\RainbowUnicorns.csproj", "{A5BEA3B7-A3AE-4483-B78D-70C7C792606F}"
EndProject
Project("{FAE04EC0-301F-11D3-BF4B-00C04F79EFBC}") = "Ratatouille", "2017\Ratatouille\Ratatouille.csproj", "{275514F3-DECF-4146-8A78-333BA337DB45}"
EndProject
Project("{FAE04EC0-301F-11D3-BF4B-00C04F79EFBC}") = "TidyNumbers", "2017\TidyNumbers\TidyNumbers.csproj", "{814BD3AF-A657-4517-8B6D-4998D82A62F5}"
EndProject
Project("{FAE04EC0-301F-11D3-BF4B-00C04F79EFBC}") = "ToiletStalls", "2017\ToiletStalls\ToiletStalls.csproj", "{022F4853-5E0B-449C-B3C3-262F157A0D52}"
EndProject
Project("{FAE04EC0-301F-11D3-BF4B-00C04F79EFBC}") = "Common", "Common\Common.csproj", "{BE560075-329B-44D9-85A8-88C0291DB0CC}"
EndProject
Project("{FAE04EC0-301F-11D3-BF4B-00C04F79EFBC}") = "CubicUFO", "2018\CubicUFO\CubicUFO.csproj", "{4544729A-8FB8-480E-ADB2-EC7D1F0EFF17}"
EndProject
Project("{FAE04EC0-301F-11D3-BF4B-00C04F79EFBC}") = "GoGopher", "2018\GoGopher\GoGopher.csproj", "{DDD7DA2B-275A-445D-9C2A-67C0E9E59F54}"
EndProject
Project("{FAE04EC0-301F-11D3-BF4B-00C04F79EFBC}") = "SavingTheUniverseAgain", "2018\SavingTheUniverseAgain\SavingTheUniverseAgain.csproj", "{F7412CD9-0F72-4830-888E-8AF071AD31DE}"
EndProject
Project("{FAE04EC0-301F-11D3-BF4B-00C04F79EFBC}") = "TroubleSort", "2018\TroubleSort\TroubleSort.csproj", "{5279AD2A-8A29-4185-A2B6-4144978D7203}"
EndProject
Project("{FAE04EC0-301F-11D3-BF4B-00C04F79EFBC}") = "EdgyBaking", "2018\EdgyBaking\EdgyBaking.csproj", "{D4D2DCCD-A31E-4EBD-A38F-19A392F88E0F}"
EndProject
Project("{FAE04EC0-301F-11D3-BF4B-00C04F79EFBC}") = "RoundingError", "2018\RoundingError\RoundingError.csproj", "{F248B195-3550-45F4-A411-178D8AF4CFBF}"
EndProject
Project("{FAE04EC0-301F-11D3-BF4B-00C04F79EFBC}") = "MysteriousRoadSigns", "2018\MysteriousRoadSigns\MysteriousRoadSigns.csproj", "{463B8E66-EF4C-466F-B432-38CA09F6B8A0}"
EndProject
Project("{FAE04EC0-301F-11D3-BF4B-00C04F79EFBC}") = "LollipopShop", "2018\LollipopShop\LollipopShop.csproj", "{42D0B3A0-08B9-497C-BB75-E0914AD072CD}"
EndProject
Project("{FAE04EC0-301F-11D3-BF4B-00C04F79EFBC}") = "AntStack", "2018\AntStack\AntStack.csproj", "{09C12D5A-0F9D-4155-8599-D0ADCE6083E9}"
EndProject
Project("{FAE04EC0-301F-11D3-BF4B-00C04F79EFBC}") = "AWholeNewWord", "2018\AWholeNewWord\AWholeNewWord.csproj", "{1E960C82-CA2C-459C-A417-3908E64C59F6}"
EndProject
Project("{FAE04EC0-301F-11D3-BF4B-00C04F79EFBC}") = "Cryptopangrams", "2019\Cryptopangrams\Cryptopangrams.csproj", "{5C63CA39-9360-4113-9568-8F6FB43E2DCD}"
EndProject
Project("{FAE04EC0-301F-11D3-BF4B-00C04F79EFBC}") = "AlienRhyme", "2019\AlienRhyme\AlienRhyme.csproj", "{642B3FF0-A3B3-4702-A07E-274DB38FD955}"
EndProject
Project("{2150E333-8FDC-42A3-9474-1A3956D46DE8}") = "TemplateFolder", "TemplateFolder", "{EBD7B3B4-AB35-40B7-81AF-1DA6074119F5}"
EndProject
Project("{FAE04EC0-301F-11D3-BF4B-00C04F79EFBC}") = "TemplateProject", "TemplateFolder\TemplateProject\TemplateProject.csproj", "{8B890DF9-C849-4984-8E63-5300B1410D44}"
EndProject
Project("{FAE04EC0-301F-11D3-BF4B-00C04F79EFBC}") = "ManhattanCrepeCart", "2019\ManhattanCrepeCart\ManhattanCrepeCart.csproj", "{74AEB2A2-06E8-4DB7-AE51-6827DE42F9F2}"
EndProject
Project("{FAE04EC0-301F-11D3-BF4B-00C04F79EFBC}") = "RobotProgrammingStrategy", "2019\RobotProgrammingStrategy\RobotProgrammingStrategy.csproj", "{5521FBAE-F209-4D0F-9530-8EC6409A9FEC}"
EndProject
Project("{FAE04EC0-301F-11D3-BF4B-00C04F79EFBC}") = "PowerArrangers", "2019\PowerArrangers\PowerArrangers.csproj", "{4E379A05-F37E-4549-9DFC-565EFE253650}"
EndProject
Project("{2150E333-8FDC-42A3-9474-1A3956D46DE8}") = "2022", "2022", "{AB24E0E7-EA1B-4A85-A667-01A8E6D952F3}"
EndProject
Project("{FAE04EC0-301F-11D3-BF4B-00C04F79EFBC}") = "PunchedCards", "2022\PunchedCards\PunchedCards.csproj", "{DF19E731-601B-44A3-9B85-F753F2E6A3DD}"
EndProject
Project("{FAE04EC0-301F-11D3-BF4B-00C04F79EFBC}") = "ThreeDPrinting", "2022\ThreeDPrinting\ThreeDPrinting.csproj", "{C4C5C7EE-E197-4A03-B950-7263C5C7C0F8}"
EndProject
Project("{FAE04EC0-301F-11D3-BF4B-00C04F79EFBC}") = "DMillion", "2022\DMillion\DMillion.csproj", "{1F90FA8C-80D6-467F-A7BC-BB5F84BE5610}"
EndProject
Project("{FAE04EC0-301F-11D3-BF4B-00C04F79EFBC}") = "ChainReaction", "2022\ChainReaction\ChainReaction.csproj", "{D2BC7D2B-EBC9-4E2D-88A1-DAE166429100}"
EndProject
Project("{FAE04EC0-301F-11D3-BF4B-00C04F79EFBC}") = "TwistyPassages", "2022\TwistyPassages\TwistyPassages.csproj", "{574EE790-8460-4980-AEC4-1AA96FC1701A}"
EndProject
Project("{FAE04EC0-301F-11D3-BF4B-00C04F79EFBC}") = "DoubleOrOneThing", "2022\DoubleOrOneThing\DoubleOrOneThing.csproj", "{81F46560-D74C-48FA-BFB2-DE66390BFE87}"
EndProject
Project("{FAE04EC0-301F-11D3-BF4B-00C04F79EFBC}") = "EqualSum", "2022\EqualSum\EqualSum.csproj", "{4D38A50F-DEF1-4B2F-863D-ACEEC286F63A}"
EndProject
Global
	GlobalSection(SolutionConfigurationPlatforms) = preSolution
		Debug|Any CPU = Debug|Any CPU
		Release|Any CPU = Release|Any CPU
	EndGlobalSection
	GlobalSection(ProjectConfigurationPlatforms) = postSolution
		{AE728E0E-2299-4042-87D9-26F69BFE6CF0}.Debug|Any CPU.ActiveCfg = Debug|Any CPU
		{AE728E0E-2299-4042-87D9-26F69BFE6CF0}.Debug|Any CPU.Build.0 = Debug|Any CPU
		{AE728E0E-2299-4042-87D9-26F69BFE6CF0}.Release|Any CPU.ActiveCfg = Release|Any CPU
		{AE728E0E-2299-4042-87D9-26F69BFE6CF0}.Release|Any CPU.Build.0 = Release|Any CPU
		{CFC3386F-BBEB-43EF-999C-9DE1B9DDA7B9}.Debug|Any CPU.ActiveCfg = Debug|Any CPU
		{CFC3386F-BBEB-43EF-999C-9DE1B9DDA7B9}.Debug|Any CPU.Build.0 = Debug|Any CPU
		{CFC3386F-BBEB-43EF-999C-9DE1B9DDA7B9}.Release|Any CPU.ActiveCfg = Release|Any CPU
		{CFC3386F-BBEB-43EF-999C-9DE1B9DDA7B9}.Release|Any CPU.Build.0 = Release|Any CPU
		{FBC88556-49B9-4856-BC0C-517E9CEFC0D6}.Debug|Any CPU.ActiveCfg = Debug|Any CPU
		{FBC88556-49B9-4856-BC0C-517E9CEFC0D6}.Debug|Any CPU.Build.0 = Debug|Any CPU
		{FBC88556-49B9-4856-BC0C-517E9CEFC0D6}.Release|Any CPU.ActiveCfg = Release|Any CPU
		{FBC88556-49B9-4856-BC0C-517E9CEFC0D6}.Release|Any CPU.Build.0 = Release|Any CPU
		{A016BBD8-677E-4DB0-856D-16F45C2A4C2A}.Debug|Any CPU.ActiveCfg = Debug|Any CPU
		{A016BBD8-677E-4DB0-856D-16F45C2A4C2A}.Debug|Any CPU.Build.0 = Debug|Any CPU
		{A016BBD8-677E-4DB0-856D-16F45C2A4C2A}.Release|Any CPU.ActiveCfg = Release|Any CPU
		{A016BBD8-677E-4DB0-856D-16F45C2A4C2A}.Release|Any CPU.Build.0 = Release|Any CPU
		{9BB5EC06-DA7C-4AF3-8316-09DD54356943}.Debug|Any CPU.ActiveCfg = Debug|Any CPU
		{9BB5EC06-DA7C-4AF3-8316-09DD54356943}.Debug|Any CPU.Build.0 = Debug|Any CPU
		{9BB5EC06-DA7C-4AF3-8316-09DD54356943}.Release|Any CPU.ActiveCfg = Release|Any CPU
		{9BB5EC06-DA7C-4AF3-8316-09DD54356943}.Release|Any CPU.Build.0 = Release|Any CPU
		{546E106C-18EA-485D-8E48-83670290B4EB}.Debug|Any CPU.ActiveCfg = Debug|Any CPU
		{546E106C-18EA-485D-8E48-83670290B4EB}.Debug|Any CPU.Build.0 = Debug|Any CPU
		{546E106C-18EA-485D-8E48-83670290B4EB}.Release|Any CPU.ActiveCfg = Release|Any CPU
		{546E106C-18EA-485D-8E48-83670290B4EB}.Release|Any CPU.Build.0 = Release|Any CPU
		{897F2FC4-8AEF-4566-88AB-1D5943BFE478}.Debug|Any CPU.ActiveCfg = Debug|Any CPU
		{897F2FC4-8AEF-4566-88AB-1D5943BFE478}.Debug|Any CPU.Build.0 = Debug|Any CPU
		{897F2FC4-8AEF-4566-88AB-1D5943BFE478}.Release|Any CPU.ActiveCfg = Release|Any CPU
		{897F2FC4-8AEF-4566-88AB-1D5943BFE478}.Release|Any CPU.Build.0 = Release|Any CPU
		{A5BEA3B7-A3AE-4483-B78D-70C7C792606F}.Debug|Any CPU.ActiveCfg = Debug|Any CPU
		{A5BEA3B7-A3AE-4483-B78D-70C7C792606F}.Debug|Any CPU.Build.0 = Debug|Any CPU
		{A5BEA3B7-A3AE-4483-B78D-70C7C792606F}.Release|Any CPU.ActiveCfg = Release|Any CPU
		{A5BEA3B7-A3AE-4483-B78D-70C7C792606F}.Release|Any CPU.Build.0 = Release|Any CPU
		{275514F3-DECF-4146-8A78-333BA337DB45}.Debug|Any CPU.ActiveCfg = Debug|Any CPU
		{275514F3-DECF-4146-8A78-333BA337DB45}.Debug|Any CPU.Build.0 = Debug|Any CPU
		{275514F3-DECF-4146-8A78-333BA337DB45}.Release|Any CPU.ActiveCfg = Release|Any CPU
		{275514F3-DECF-4146-8A78-333BA337DB45}.Release|Any CPU.Build.0 = Release|Any CPU
		{814BD3AF-A657-4517-8B6D-4998D82A62F5}.Debug|Any CPU.ActiveCfg = Debug|Any CPU
		{814BD3AF-A657-4517-8B6D-4998D82A62F5}.Debug|Any CPU.Build.0 = Debug|Any CPU
		{814BD3AF-A657-4517-8B6D-4998D82A62F5}.Release|Any CPU.ActiveCfg = Release|Any CPU
		{814BD3AF-A657-4517-8B6D-4998D82A62F5}.Release|Any CPU.Build.0 = Release|Any CPU
		{022F4853-5E0B-449C-B3C3-262F157A0D52}.Debug|Any CPU.ActiveCfg = Debug|Any CPU
		{022F4853-5E0B-449C-B3C3-262F157A0D52}.Debug|Any CPU.Build.0 = Debug|Any CPU
		{022F4853-5E0B-449C-B3C3-262F157A0D52}.Release|Any CPU.ActiveCfg = Release|Any CPU
		{022F4853-5E0B-449C-B3C3-262F157A0D52}.Release|Any CPU.Build.0 = Release|Any CPU
		{BE560075-329B-44D9-85A8-88C0291DB0CC}.Debug|Any CPU.ActiveCfg = Debug|Any CPU
		{BE560075-329B-44D9-85A8-88C0291DB0CC}.Debug|Any CPU.Build.0 = Debug|Any CPU
		{BE560075-329B-44D9-85A8-88C0291DB0CC}.Release|Any CPU.ActiveCfg = Release|Any CPU
		{BE560075-329B-44D9-85A8-88C0291DB0CC}.Release|Any CPU.Build.0 = Release|Any CPU
		{4544729A-8FB8-480E-ADB2-EC7D1F0EFF17}.Debug|Any CPU.ActiveCfg = Debug|Any CPU
		{4544729A-8FB8-480E-ADB2-EC7D1F0EFF17}.Debug|Any CPU.Build.0 = Debug|Any CPU
		{4544729A-8FB8-480E-ADB2-EC7D1F0EFF17}.Release|Any CPU.ActiveCfg = Release|Any CPU
		{4544729A-8FB8-480E-ADB2-EC7D1F0EFF17}.Release|Any CPU.Build.0 = Release|Any CPU
		{DDD7DA2B-275A-445D-9C2A-67C0E9E59F54}.Debug|Any CPU.ActiveCfg = Debug|Any CPU
		{DDD7DA2B-275A-445D-9C2A-67C0E9E59F54}.Debug|Any CPU.Build.0 = Debug|Any CPU
		{DDD7DA2B-275A-445D-9C2A-67C0E9E59F54}.Release|Any CPU.ActiveCfg = Release|Any CPU
		{DDD7DA2B-275A-445D-9C2A-67C0E9E59F54}.Release|Any CPU.Build.0 = Release|Any CPU
		{F7412CD9-0F72-4830-888E-8AF071AD31DE}.Debug|Any CPU.ActiveCfg = Debug|Any CPU
		{F7412CD9-0F72-4830-888E-8AF071AD31DE}.Debug|Any CPU.Build.0 = Debug|Any CPU
		{F7412CD9-0F72-4830-888E-8AF071AD31DE}.Release|Any CPU.ActiveCfg = Release|Any CPU
		{F7412CD9-0F72-4830-888E-8AF071AD31DE}.Release|Any CPU.Build.0 = Release|Any CPU
		{5279AD2A-8A29-4185-A2B6-4144978D7203}.Debug|Any CPU.ActiveCfg = Debug|Any CPU
		{5279AD2A-8A29-4185-A2B6-4144978D7203}.Debug|Any CPU.Build.0 = Debug|Any CPU
		{5279AD2A-8A29-4185-A2B6-4144978D7203}.Release|Any CPU.ActiveCfg = Release|Any CPU
		{5279AD2A-8A29-4185-A2B6-4144978D7203}.Release|Any CPU.Build.0 = Release|Any CPU
		{D4D2DCCD-A31E-4EBD-A38F-19A392F88E0F}.Debug|Any CPU.ActiveCfg = Debug|Any CPU
		{D4D2DCCD-A31E-4EBD-A38F-19A392F88E0F}.Debug|Any CPU.Build.0 = Debug|Any CPU
		{D4D2DCCD-A31E-4EBD-A38F-19A392F88E0F}.Release|Any CPU.ActiveCfg = Release|Any CPU
		{D4D2DCCD-A31E-4EBD-A38F-19A392F88E0F}.Release|Any CPU.Build.0 = Release|Any CPU
		{F248B195-3550-45F4-A411-178D8AF4CFBF}.Debug|Any CPU.ActiveCfg = Debug|Any CPU
		{F248B195-3550-45F4-A411-178D8AF4CFBF}.Debug|Any CPU.Build.0 = Debug|Any CPU
		{F248B195-3550-45F4-A411-178D8AF4CFBF}.Release|Any CPU.ActiveCfg = Release|Any CPU
		{F248B195-3550-45F4-A411-178D8AF4CFBF}.Release|Any CPU.Build.0 = Release|Any CPU
		{463B8E66-EF4C-466F-B432-38CA09F6B8A0}.Debug|Any CPU.ActiveCfg = Debug|Any CPU
		{463B8E66-EF4C-466F-B432-38CA09F6B8A0}.Debug|Any CPU.Build.0 = Debug|Any CPU
		{463B8E66-EF4C-466F-B432-38CA09F6B8A0}.Release|Any CPU.ActiveCfg = Release|Any CPU
		{463B8E66-EF4C-466F-B432-38CA09F6B8A0}.Release|Any CPU.Build.0 = Release|Any CPU
		{42D0B3A0-08B9-497C-BB75-E0914AD072CD}.Debug|Any CPU.ActiveCfg = Debug|Any CPU
		{42D0B3A0-08B9-497C-BB75-E0914AD072CD}.Debug|Any CPU.Build.0 = Debug|Any CPU
		{42D0B3A0-08B9-497C-BB75-E0914AD072CD}.Release|Any CPU.ActiveCfg = Release|Any CPU
		{42D0B3A0-08B9-497C-BB75-E0914AD072CD}.Release|Any CPU.Build.0 = Release|Any CPU
		{09C12D5A-0F9D-4155-8599-D0ADCE6083E9}.Debug|Any CPU.ActiveCfg = Debug|Any CPU
		{09C12D5A-0F9D-4155-8599-D0ADCE6083E9}.Debug|Any CPU.Build.0 = Debug|Any CPU
		{09C12D5A-0F9D-4155-8599-D0ADCE6083E9}.Release|Any CPU.ActiveCfg = Release|Any CPU
		{09C12D5A-0F9D-4155-8599-D0ADCE6083E9}.Release|Any CPU.Build.0 = Release|Any CPU
		{1E960C82-CA2C-459C-A417-3908E64C59F6}.Debug|Any CPU.ActiveCfg = Debug|Any CPU
		{1E960C82-CA2C-459C-A417-3908E64C59F6}.Debug|Any CPU.Build.0 = Debug|Any CPU
		{1E960C82-CA2C-459C-A417-3908E64C59F6}.Release|Any CPU.ActiveCfg = Release|Any CPU
		{1E960C82-CA2C-459C-A417-3908E64C59F6}.Release|Any CPU.Build.0 = Release|Any CPU
		{5C63CA39-9360-4113-9568-8F6FB43E2DCD}.Debug|Any CPU.ActiveCfg = Debug|Any CPU
		{5C63CA39-9360-4113-9568-8F6FB43E2DCD}.Debug|Any CPU.Build.0 = Debug|Any CPU
		{5C63CA39-9360-4113-9568-8F6FB43E2DCD}.Release|Any CPU.ActiveCfg = Release|Any CPU
		{5C63CA39-9360-4113-9568-8F6FB43E2DCD}.Release|Any CPU.Build.0 = Release|Any CPU
		{642B3FF0-A3B3-4702-A07E-274DB38FD955}.Debug|Any CPU.ActiveCfg = Debug|Any CPU
		{642B3FF0-A3B3-4702-A07E-274DB38FD955}.Debug|Any CPU.Build.0 = Debug|Any CPU
		{642B3FF0-A3B3-4702-A07E-274DB38FD955}.Release|Any CPU.ActiveCfg = Release|Any CPU
		{642B3FF0-A3B3-4702-A07E-274DB38FD955}.Release|Any CPU.Build.0 = Release|Any CPU
		{8B890DF9-C849-4984-8E63-5300B1410D44}.Debug|Any CPU.ActiveCfg = Debug|Any CPU
		{8B890DF9-C849-4984-8E63-5300B1410D44}.Debug|Any CPU.Build.0 = Debug|Any CPU
		{8B890DF9-C849-4984-8E63-5300B1410D44}.Release|Any CPU.ActiveCfg = Release|Any CPU
		{8B890DF9-C849-4984-8E63-5300B1410D44}.Release|Any CPU.Build.0 = Release|Any CPU
		{74AEB2A2-06E8-4DB7-AE51-6827DE42F9F2}.Debug|Any CPU.ActiveCfg = Debug|Any CPU
		{74AEB2A2-06E8-4DB7-AE51-6827DE42F9F2}.Debug|Any CPU.Build.0 = Debug|Any CPU
		{74AEB2A2-06E8-4DB7-AE51-6827DE42F9F2}.Release|Any CPU.ActiveCfg = Release|Any CPU
		{74AEB2A2-06E8-4DB7-AE51-6827DE42F9F2}.Release|Any CPU.Build.0 = Release|Any CPU
		{5521FBAE-F209-4D0F-9530-8EC6409A9FEC}.Debug|Any CPU.ActiveCfg = Debug|Any CPU
		{5521FBAE-F209-4D0F-9530-8EC6409A9FEC}.Debug|Any CPU.Build.0 = Debug|Any CPU
		{5521FBAE-F209-4D0F-9530-8EC6409A9FEC}.Release|Any CPU.ActiveCfg = Release|Any CPU
		{5521FBAE-F209-4D0F-9530-8EC6409A9FEC}.Release|Any CPU.Build.0 = Release|Any CPU
		{4E379A05-F37E-4549-9DFC-565EFE253650}.Debug|Any CPU.ActiveCfg = Debug|Any CPU
		{4E379A05-F37E-4549-9DFC-565EFE253650}.Debug|Any CPU.Build.0 = Debug|Any CPU
		{4E379A05-F37E-4549-9DFC-565EFE253650}.Release|Any CPU.ActiveCfg = Release|Any CPU
		{4E379A05-F37E-4549-9DFC-565EFE253650}.Release|Any CPU.Build.0 = Release|Any CPU
		{DF19E731-601B-44A3-9B85-F753F2E6A3DD}.Debug|Any CPU.ActiveCfg = Debug|Any CPU
		{DF19E731-601B-44A3-9B85-F753F2E6A3DD}.Debug|Any CPU.Build.0 = Debug|Any CPU
		{DF19E731-601B-44A3-9B85-F753F2E6A3DD}.Release|Any CPU.ActiveCfg = Release|Any CPU
		{DF19E731-601B-44A3-9B85-F753F2E6A3DD}.Release|Any CPU.Build.0 = Release|Any CPU
		{C4C5C7EE-E197-4A03-B950-7263C5C7C0F8}.Debug|Any CPU.ActiveCfg = Debug|Any CPU
		{C4C5C7EE-E197-4A03-B950-7263C5C7C0F8}.Debug|Any CPU.Build.0 = Debug|Any CPU
		{C4C5C7EE-E197-4A03-B950-7263C5C7C0F8}.Release|Any CPU.ActiveCfg = Release|Any CPU
		{C4C5C7EE-E197-4A03-B950-7263C5C7C0F8}.Release|Any CPU.Build.0 = Release|Any CPU
		{1F90FA8C-80D6-467F-A7BC-BB5F84BE5610}.Debug|Any CPU.ActiveCfg = Debug|Any CPU
		{1F90FA8C-80D6-467F-A7BC-BB5F84BE5610}.Debug|Any CPU.Build.0 = Debug|Any CPU
		{1F90FA8C-80D6-467F-A7BC-BB5F84BE5610}.Release|Any CPU.ActiveCfg = Release|Any CPU
		{1F90FA8C-80D6-467F-A7BC-BB5F84BE5610}.Release|Any CPU.Build.0 = Release|Any CPU
		{D2BC7D2B-EBC9-4E2D-88A1-DAE166429100}.Debug|Any CPU.ActiveCfg = Debug|Any CPU
		{D2BC7D2B-EBC9-4E2D-88A1-DAE166429100}.Debug|Any CPU.Build.0 = Debug|Any CPU
		{D2BC7D2B-EBC9-4E2D-88A1-DAE166429100}.Release|Any CPU.ActiveCfg = Release|Any CPU
		{D2BC7D2B-EBC9-4E2D-88A1-DAE166429100}.Release|Any CPU.Build.0 = Release|Any CPU
		{574EE790-8460-4980-AEC4-1AA96FC1701A}.Debug|Any CPU.ActiveCfg = Debug|Any CPU
		{574EE790-8460-4980-AEC4-1AA96FC1701A}.Debug|Any CPU.Build.0 = Debug|Any CPU
		{574EE790-8460-4980-AEC4-1AA96FC1701A}.Release|Any CPU.ActiveCfg = Release|Any CPU
		{574EE790-8460-4980-AEC4-1AA96FC1701A}.Release|Any CPU.Build.0 = Release|Any CPU
		{81F46560-D74C-48FA-BFB2-DE66390BFE87}.Debug|Any CPU.ActiveCfg = Debug|Any CPU
		{81F46560-D74C-48FA-BFB2-DE66390BFE87}.Debug|Any CPU.Build.0 = Debug|Any CPU
		{81F46560-D74C-48FA-BFB2-DE66390BFE87}.Release|Any CPU.ActiveCfg = Release|Any CPU
		{81F46560-D74C-48FA-BFB2-DE66390BFE87}.Release|Any CPU.Build.0 = Release|Any CPU
		{4D38A50F-DEF1-4B2F-863D-ACEEC286F63A}.Debug|Any CPU.ActiveCfg = Debug|Any CPU
		{4D38A50F-DEF1-4B2F-863D-ACEEC286F63A}.Debug|Any CPU.Build.0 = Debug|Any CPU
		{4D38A50F-DEF1-4B2F-863D-ACEEC286F63A}.Release|Any CPU.ActiveCfg = Release|Any CPU
		{4D38A50F-DEF1-4B2F-863D-ACEEC286F63A}.Release|Any CPU.Build.0 = Release|Any CPU
	EndGlobalSection
	GlobalSection(SolutionProperties) = preSolution
		HideSolutionNode = FALSE
	EndGlobalSection
	GlobalSection(NestedProjects) = preSolution
		{CFC3386F-BBEB-43EF-999C-9DE1B9DDA7B9} = {55193E47-EDDD-4F29-99E4-04CAFE7A92AA}
		{FBC88556-49B9-4856-BC0C-517E9CEFC0D6} = {55193E47-EDDD-4F29-99E4-04CAFE7A92AA}
		{A016BBD8-677E-4DB0-856D-16F45C2A4C2A} = {55193E47-EDDD-4F29-99E4-04CAFE7A92AA}
		{9BB5EC06-DA7C-4AF3-8316-09DD54356943} = {55193E47-EDDD-4F29-99E4-04CAFE7A92AA}
		{546E106C-18EA-485D-8E48-83670290B4EB} = {55193E47-EDDD-4F29-99E4-04CAFE7A92AA}
		{897F2FC4-8AEF-4566-88AB-1D5943BFE478} = {55193E47-EDDD-4F29-99E4-04CAFE7A92AA}
		{A5BEA3B7-A3AE-4483-B78D-70C7C792606F} = {55193E47-EDDD-4F29-99E4-04CAFE7A92AA}
		{275514F3-DECF-4146-8A78-333BA337DB45} = {55193E47-EDDD-4F29-99E4-04CAFE7A92AA}
		{814BD3AF-A657-4517-8B6D-4998D82A62F5} = {55193E47-EDDD-4F29-99E4-04CAFE7A92AA}
		{022F4853-5E0B-449C-B3C3-262F157A0D52} = {55193E47-EDDD-4F29-99E4-04CAFE7A92AA}
		{4544729A-8FB8-480E-ADB2-EC7D1F0EFF17} = {2A07EC31-114E-4FA6-817E-8FBAD8D84868}
		{DDD7DA2B-275A-445D-9C2A-67C0E9E59F54} = {2A07EC31-114E-4FA6-817E-8FBAD8D84868}
		{F7412CD9-0F72-4830-888E-8AF071AD31DE} = {2A07EC31-114E-4FA6-817E-8FBAD8D84868}
		{5279AD2A-8A29-4185-A2B6-4144978D7203} = {2A07EC31-114E-4FA6-817E-8FBAD8D84868}
		{D4D2DCCD-A31E-4EBD-A38F-19A392F88E0F} = {2A07EC31-114E-4FA6-817E-8FBAD8D84868}
		{F248B195-3550-45F4-A411-178D8AF4CFBF} = {2A07EC31-114E-4FA6-817E-8FBAD8D84868}
		{463B8E66-EF4C-466F-B432-38CA09F6B8A0} = {2A07EC31-114E-4FA6-817E-8FBAD8D84868}
		{42D0B3A0-08B9-497C-BB75-E0914AD072CD} = {2A07EC31-114E-4FA6-817E-8FBAD8D84868}
		{09C12D5A-0F9D-4155-8599-D0ADCE6083E9} = {2A07EC31-114E-4FA6-817E-8FBAD8D84868}
		{1E960C82-CA2C-459C-A417-3908E64C59F6} = {2A07EC31-114E-4FA6-817E-8FBAD8D84868}
		{5C63CA39-9360-4113-9568-8F6FB43E2DCD} = {1C5E4DB6-FEA7-4624-A261-F436DB0FB7C1}
		{642B3FF0-A3B3-4702-A07E-274DB38FD955} = {1C5E4DB6-FEA7-4624-A261-F436DB0FB7C1}
		{8B890DF9-C849-4984-8E63-5300B1410D44} = {EBD7B3B4-AB35-40B7-81AF-1DA6074119F5}
		{74AEB2A2-06E8-4DB7-AE51-6827DE42F9F2} = {1C5E4DB6-FEA7-4624-A261-F436DB0FB7C1}
		{5521FBAE-F209-4D0F-9530-8EC6409A9FEC} = {1C5E4DB6-FEA7-4624-A261-F436DB0FB7C1}
		{4E379A05-F37E-4549-9DFC-565EFE253650} = {1C5E4DB6-FEA7-4624-A261-F436DB0FB7C1}
		{DF19E731-601B-44A3-9B85-F753F2E6A3DD} = {AB24E0E7-EA1B-4A85-A667-01A8E6D952F3}
		{C4C5C7EE-E197-4A03-B950-7263C5C7C0F8} = {AB24E0E7-EA1B-4A85-A667-01A8E6D952F3}
		{1F90FA8C-80D6-467F-A7BC-BB5F84BE5610} = {AB24E0E7-EA1B-4A85-A667-01A8E6D952F3}
		{D2BC7D2B-EBC9-4E2D-88A1-DAE166429100} = {AB24E0E7-EA1B-4A85-A667-01A8E6D952F3}
		{574EE790-8460-4980-AEC4-1AA96FC1701A} = {AB24E0E7-EA1B-4A85-A667-01A8E6D952F3}
		{81F46560-D74C-48FA-BFB2-DE66390BFE87} = {AB24E0E7-EA1B-4A85-A667-01A8E6D952F3}
		{4D38A50F-DEF1-4B2F-863D-ACEEC286F63A} = {AB24E0E7-EA1B-4A85-A667-01A8E6D952F3}
	EndGlobalSection
	GlobalSection(ExtensibilityGlobals) = postSolution
		SolutionGuid = {4C85A7E6-82EF-4F14-9CD0-65A4B35B12C8}
	EndGlobalSection
EndGlobal
